github.com/67000mph/dog v0.0.0-20231002100524-b322516b4430 h1:Y2gdGURJYxWXwf9nAaHB7lInEhnH79Hl/x/83e07o6M=
github.com/67000mph/dog v0.0.0-20231002100524-b322516b4430/go.mod h1:Dzr1bqaXHmNj7T5sdzj+izbeXSQ424cUMycMidIR8f8=
github.com/67000mph/puppy v0.0.0-20231002101049-77699028d0bf h1:9va6JIRDeu96hUo7UcuO78bl3DJmk9zc1N8bmfZ0U8U=
github.com/67000mph/puppy v0.0.0-20231002101049-77699028d0bf/go.mod h1:Wtys6lB5sHp4x337/8vTsRS41u46eUpFrYlnlMOmLUY=
